
Microsoft Visual Studio Solution File, Format Version 12.00
# Visual Studio Version 17
VisualStudioVersion = 17.13.35825.156 d17.13
MinimumVisualStudioVersion = 10.0.40219.1
Project("{FAE04EC0-301F-11D3-BF4B-00C04F79EFBC}") = "ComicBookGallery", "ComicBookGallery.csproj", "{97371F95-B29D-409C-B0F0-0E17A97F8E2F}"
EndProject
Global
	GlobalSection(SolutionConfigurationPlatforms) = preSolution
		Debug|Any CPU = Debug|Any CPU
		Release|Any CPU = Release|Any CPU
	EndGlobalSection
	GlobalSection(ProjectConfigurationPlatforms) = postSolution
		{97371F95-B29D-409C-B0F0-0E17A97F8E2F}.Debug|Any CPU.ActiveCfg = Debug|Any CPU
		{97371F95-B29D-409C-B0F0-0E17A97F8E2F}.Debug|Any CPU.Build.0 = Debug|Any CPU
		{97371F95-B29D-409C-B0F0-0E17A97F8E2F}.Release|Any CPU.ActiveCfg = Release|Any CPU
		{97371F95-B29D-409C-B0F0-0E17A97F8E2F}.Release|Any CPU.Build.0 = Release|Any CPU
	EndGlobalSection
	GlobalSection(SolutionProperties) = preSolution
		HideSolutionNode = FALSE
	EndGlobalSection
	GlobalSection(ExtensibilityGlobals) = postSolution
		SolutionGuid = {7EF5FA02-B4A9-4808-A0D3-3E369F374271}
	EndGlobalSection
EndGlobal
